// !$*UTF8*$!
{
	archiveVersion = 1;
	classes = {
	};
	objectVersion = 46;
	objects = {

/* Begin PBXBuildFile section */
		500D35CB1E809CBC00D46BD1 /* LanguageClientSingleton.swift in Sources */ = {isa = PBXBuildFile; fileRef = 500D35CA1E809CBC00D46BD1 /* LanguageClientSingleton.swift */; };
		500D35CD1E809D2400D46BD1 /* ImageViewController.swift in Sources */ = {isa = PBXBuildFile; fileRef = 500D35CC1E809D2400D46BD1 /* ImageViewController.swift */; };
		50F749F31E808F5E001B10AE /* LanguageCodes.swift in Sources */ = {isa = PBXBuildFile; fileRef = 50F749F21E808F5E001B10AE /* LanguageCodes.swift */; };
		50F749F51E80921B001B10AE /* SettingsViewController.swift in Sources */ = {isa = PBXBuildFile; fileRef = 50F749F41E80921B001B10AE /* SettingsViewController.swift */; };
		50F749F71E8092A9001B10AE /* TextViewController.swift in Sources */ = {isa = PBXBuildFile; fileRef = 50F749F61E8092A9001B10AE /* TextViewController.swift */; };
		50F749F91E8092B1001B10AE /* SpeechViewController.swift in Sources */ = {isa = PBXBuildFile; fileRef = 50F749F81E8092B1001B10AE /* SpeechViewController.swift */; };
		50F749FD1E809B8D001B10AE /* LanguageClient.swift in Sources */ = {isa = PBXBuildFile; fileRef = 50F749FC1E809B8D001B10AE /* LanguageClient.swift */; };
		557A83621E6793FD004314B4 /* AppDelegate.swift in Sources */ = {isa = PBXBuildFile; fileRef = 557A83611E6793FD004314B4 /* AppDelegate.swift */; };
		557A83641E6793FD004314B4 /* LandingViewController.swift in Sources */ = {isa = PBXBuildFile; fileRef = 557A83631E6793FD004314B4 /* LandingViewController.swift */; };
		557A83671E6793FD004314B4 /* Main.storyboard in Resources */ = {isa = PBXBuildFile; fileRef = 557A83651E6793FD004314B4 /* Main.storyboard */; };
		557A83691E6793FD004314B4 /* Assets.xcassets in Resources */ = {isa = PBXBuildFile; fileRef = 557A83681E6793FD004314B4 /* Assets.xcassets */; };
		557A836C1E6793FD004314B4 /* LaunchScreen.storyboard in Resources */ = {isa = PBXBuildFile; fileRef = 557A836A1E6793FD004314B4 /* LaunchScreen.storyboard */; };
		557A83771E6793FE004314B4 /* DecodeTests.swift in Sources */ = {isa = PBXBuildFile; fileRef = 557A83761E6793FE004314B4 /* DecodeTests.swift */; };
		557A83821E6793FE004314B4 /* DecodeUITests.swift in Sources */ = {isa = PBXBuildFile; fileRef = 557A83811E6793FE004314B4 /* DecodeUITests.swift */; };
/* End PBXBuildFile section */

/* Begin PBXContainerItemProxy section */
		557A83731E6793FE004314B4 /* PBXContainerItemProxy */ = {
			isa = PBXContainerItemProxy;
			containerPortal = 557A83561E6793FD004314B4 /* Project object */;
			proxyType = 1;
			remoteGlobalIDString = 557A835D1E6793FD004314B4;
			remoteInfo = Decode;
		};
		557A837E1E6793FE004314B4 /* PBXContainerItemProxy */ = {
			isa = PBXContainerItemProxy;
			containerPortal = 557A83561E6793FD004314B4 /* Project object */;
			proxyType = 1;
			remoteGlobalIDString = 557A835D1E6793FD004314B4;
			remoteInfo = Decode;
		};
/* End PBXContainerItemProxy section */

/* Begin PBXFileReference section */
		500D35CA1E809CBC00D46BD1 /* LanguageClientSingleton.swift */ = {isa = PBXFileReference; fileEncoding = 4; lastKnownFileType = sourcecode.swift; path = LanguageClientSingleton.swift; sourceTree = "<group>"; };
		500D35CC1E809D2400D46BD1 /* ImageViewController.swift */ = {isa = PBXFileReference; fileEncoding = 4; lastKnownFileType = sourcecode.swift; path = ImageViewController.swift; sourceTree = "<group>"; };
		50F749F21E808F5E001B10AE /* LanguageCodes.swift */ = {isa = PBXFileReference; fileEncoding = 4; lastKnownFileType = sourcecode.swift; path = LanguageCodes.swift; sourceTree = "<group>"; };
		50F749F41E80921B001B10AE /* SettingsViewController.swift */ = {isa = PBXFileReference; fileEncoding = 4; lastKnownFileType = sourcecode.swift; path = SettingsViewController.swift; sourceTree = "<group>"; };
		50F749F61E8092A9001B10AE /* TextViewController.swift */ = {isa = PBXFileReference; fileEncoding = 4; lastKnownFileType = sourcecode.swift; path = TextViewController.swift; sourceTree = "<group>"; };
		50F749F81E8092B1001B10AE /* SpeechViewController.swift */ = {isa = PBXFileReference; fileEncoding = 4; lastKnownFileType = sourcecode.swift; path = SpeechViewController.swift; sourceTree = "<group>"; };
		50F749FC1E809B8D001B10AE /* LanguageClient.swift */ = {isa = PBXFileReference; fileEncoding = 4; lastKnownFileType = sourcecode.swift; path = LanguageClient.swift; sourceTree = "<group>"; };
		557A835E1E6793FD004314B4 /* Decode.app */ = {isa = PBXFileReference; explicitFileType = wrapper.application; includeInIndex = 0; path = Decode.app; sourceTree = BUILT_PRODUCTS_DIR; };
		557A83611E6793FD004314B4 /* AppDelegate.swift */ = {isa = PBXFileReference; lastKnownFileType = sourcecode.swift; path = AppDelegate.swift; sourceTree = "<group>"; };
		557A83631E6793FD004314B4 /* LandingViewController.swift */ = {isa = PBXFileReference; lastKnownFileType = sourcecode.swift; path = LandingViewController.swift; sourceTree = "<group>"; };
		557A83661E6793FD004314B4 /* Base */ = {isa = PBXFileReference; lastKnownFileType = file.storyboard; name = Base; path = Base.lproj/Main.storyboard; sourceTree = "<group>"; };
		557A83681E6793FD004314B4 /* Assets.xcassets */ = {isa = PBXFileReference; lastKnownFileType = folder.assetcatalog; path = Assets.xcassets; sourceTree = "<group>"; };
		557A836B1E6793FD004314B4 /* Base */ = {isa = PBXFileReference; lastKnownFileType = file.storyboard; name = Base; path = Base.lproj/LaunchScreen.storyboard; sourceTree = "<group>"; };
		557A836D1E6793FD004314B4 /* Info.plist */ = {isa = PBXFileReference; lastKnownFileType = text.plist.xml; path = Info.plist; sourceTree = "<group>"; };
		557A83721E6793FE004314B4 /* DecodeTests.xctest */ = {isa = PBXFileReference; explicitFileType = wrapper.cfbundle; includeInIndex = 0; path = DecodeTests.xctest; sourceTree = BUILT_PRODUCTS_DIR; };
		557A83761E6793FE004314B4 /* DecodeTests.swift */ = {isa = PBXFileReference; lastKnownFileType = sourcecode.swift; path = DecodeTests.swift; sourceTree = "<group>"; };
		557A83781E6793FE004314B4 /* Info.plist */ = {isa = PBXFileReference; lastKnownFileType = text.plist.xml; path = Info.plist; sourceTree = "<group>"; };
		557A837D1E6793FE004314B4 /* DecodeUITests.xctest */ = {isa = PBXFileReference; explicitFileType = wrapper.cfbundle; includeInIndex = 0; path = DecodeUITests.xctest; sourceTree = BUILT_PRODUCTS_DIR; };
		557A83811E6793FE004314B4 /* DecodeUITests.swift */ = {isa = PBXFileReference; lastKnownFileType = sourcecode.swift; path = DecodeUITests.swift; sourceTree = "<group>"; };
		557A83831E6793FE004314B4 /* Info.plist */ = {isa = PBXFileReference; lastKnownFileType = text.plist.xml; path = Info.plist; sourceTree = "<group>"; };
/* End PBXFileReference section */

/* Begin PBXFrameworksBuildPhase section */
		557A835B1E6793FD004314B4 /* Frameworks */ = {
			isa = PBXFrameworksBuildPhase;
			buildActionMask = 2147483647;
			files = (
			);
			runOnlyForDeploymentPostprocessing = 0;
		};
		557A836F1E6793FE004314B4 /* Frameworks */ = {
			isa = PBXFrameworksBuildPhase;
			buildActionMask = 2147483647;
			files = (
			);
			runOnlyForDeploymentPostprocessing = 0;
		};
		557A837A1E6793FE004314B4 /* Frameworks */ = {
			isa = PBXFrameworksBuildPhase;
			buildActionMask = 2147483647;
			files = (
			);
			runOnlyForDeploymentPostprocessing = 0;
		};
/* End PBXFrameworksBuildPhase section */

/* Begin PBXGroup section */
		50F749F01E808ECA001B10AE /* View Controllers */ = {
			isa = PBXGroup;
			children = (
				557A83631E6793FD004314B4 /* LandingViewController.swift */,
				50F749F41E80921B001B10AE /* SettingsViewController.swift */,
				50F749F61E8092A9001B10AE /* TextViewController.swift */,
				50F749F81E8092B1001B10AE /* SpeechViewController.swift */,
				500D35CC1E809D2400D46BD1 /* ImageViewController.swift */,
			);
			name = "View Controllers";
			sourceTree = "<group>";
		};
		50F749F11E808ED2001B10AE /* Constants */ = {
			isa = PBXGroup;
			children = (
				50F749F21E808F5E001B10AE /* LanguageCodes.swift */,
			);
			name = Constants;
			sourceTree = "<group>";
		};
		50F749FA1E809B61001B10AE /* API  */ = {
			isa = PBXGroup;
			children = (
			);
			name = "API ";
			sourceTree = "<group>";
		};
		50F749FB1E809B6E001B10AE /* LanguageClient */ = {
			isa = PBXGroup;
			children = (
				50F749FC1E809B8D001B10AE /* LanguageClient.swift */,
			);
			name = LanguageClient;
			sourceTree = "<group>";
		};
		557A83551E6793FD004314B4 = {
			isa = PBXGroup;
			children = (
				557A83601E6793FD004314B4 /* Decode */,
				557A83751E6793FE004314B4 /* DecodeTests */,
				557A83801E6793FE004314B4 /* DecodeUITests */,
				557A835F1E6793FD004314B4 /* Products */,
			);
			sourceTree = "<group>";
		};
		557A835F1E6793FD004314B4 /* Products */ = {
			isa = PBXGroup;
			children = (
				557A835E1E6793FD004314B4 /* Decode.app */,
				557A83721E6793FE004314B4 /* DecodeTests.xctest */,
				557A837D1E6793FE004314B4 /* DecodeUITests.xctest */,
			);
			name = Products;
			sourceTree = "<group>";
		};
		557A83601E6793FD004314B4 /* Decode */ = {
			isa = PBXGroup;
			children = (
				50F749FB1E809B6E001B10AE /* LanguageClient */,
				50F749FA1E809B61001B10AE /* API  */,
				50F749F11E808ED2001B10AE /* Constants */,
				50F749F01E808ECA001B10AE /* View Controllers */,
				557A83611E6793FD004314B4 /* AppDelegate.swift */,
				557A83651E6793FD004314B4 /* Main.storyboard */,
				557A83681E6793FD004314B4 /* Assets.xcassets */,
				557A836A1E6793FD004314B4 /* LaunchScreen.storyboard */,
				557A836D1E6793FD004314B4 /* Info.plist */,
				500D35CA1E809CBC00D46BD1 /* LanguageClientSingleton.swift */,
			);
			path = Decode;
			sourceTree = "<group>";
		};
		557A83751E6793FE004314B4 /* DecodeTests */ = {
			isa = PBXGroup;
			children = (
				557A83761E6793FE004314B4 /* DecodeTests.swift */,
				557A83781E6793FE004314B4 /* Info.plist */,
			);
			path = DecodeTests;
			sourceTree = "<group>";
		};
		557A83801E6793FE004314B4 /* DecodeUITests */ = {
			isa = PBXGroup;
			children = (
				557A83811E6793FE004314B4 /* DecodeUITests.swift */,
				557A83831E6793FE004314B4 /* Info.plist */,
			);
			path = DecodeUITests;
			sourceTree = "<group>";
		};
/* End PBXGroup section */

/* Begin PBXNativeTarget section */
		557A835D1E6793FD004314B4 /* Decode */ = {
			isa = PBXNativeTarget;
			buildConfigurationList = 557A83861E6793FE004314B4 /* Build configuration list for PBXNativeTarget "Decode" */;
			buildPhases = (
				557A835A1E6793FD004314B4 /* Sources */,
				557A835B1E6793FD004314B4 /* Frameworks */,
				557A835C1E6793FD004314B4 /* Resources */,
			);
			buildRules = (
			);
			dependencies = (
			);
			name = Decode;
			productName = Decode;
			productReference = 557A835E1E6793FD004314B4 /* Decode.app */;
			productType = "com.apple.product-type.application";
		};
		557A83711E6793FE004314B4 /* DecodeTests */ = {
			isa = PBXNativeTarget;
			buildConfigurationList = 557A83891E6793FE004314B4 /* Build configuration list for PBXNativeTarget "DecodeTests" */;
			buildPhases = (
				557A836E1E6793FE004314B4 /* Sources */,
				557A836F1E6793FE004314B4 /* Frameworks */,
				557A83701E6793FE004314B4 /* Resources */,
			);
			buildRules = (
			);
			dependencies = (
				557A83741E6793FE004314B4 /* PBXTargetDependency */,
			);
			name = DecodeTests;
			productName = DecodeTests;
			productReference = 557A83721E6793FE004314B4 /* DecodeTests.xctest */;
			productType = "com.apple.product-type.bundle.unit-test";
		};
		557A837C1E6793FE004314B4 /* DecodeUITests */ = {
			isa = PBXNativeTarget;
			buildConfigurationList = 557A838C1E6793FE004314B4 /* Build configuration list for PBXNativeTarget "DecodeUITests" */;
			buildPhases = (
				557A83791E6793FE004314B4 /* Sources */,
				557A837A1E6793FE004314B4 /* Frameworks */,
				557A837B1E6793FE004314B4 /* Resources */,
			);
			buildRules = (
			);
			dependencies = (
				557A837F1E6793FE004314B4 /* PBXTargetDependency */,
			);
			name = DecodeUITests;
			productName = DecodeUITests;
			productReference = 557A837D1E6793FE004314B4 /* DecodeUITests.xctest */;
			productType = "com.apple.product-type.bundle.ui-testing";
		};
/* End PBXNativeTarget section */

/* Begin PBXProject section */
		557A83561E6793FD004314B4 /* Project object */ = {
			isa = PBXProject;
			attributes = {
				LastSwiftUpdateCheck = 0820;
				LastUpgradeCheck = 0820;
				ORGANIZATIONNAME = "Victoria Zhou";
				TargetAttributes = {
					557A835D1E6793FD004314B4 = {
						CreatedOnToolsVersion = 8.2.1;
						ProvisioningStyle = Automatic;
					};
					557A83711E6793FE004314B4 = {
						CreatedOnToolsVersion = 8.2.1;
						ProvisioningStyle = Automatic;
						TestTargetID = 557A835D1E6793FD004314B4;
					};
					557A837C1E6793FE004314B4 = {
						CreatedOnToolsVersion = 8.2.1;
						ProvisioningStyle = Automatic;
						TestTargetID = 557A835D1E6793FD004314B4;
					};
				};
			};
			buildConfigurationList = 557A83591E6793FD004314B4 /* Build configuration list for PBXProject "Decode" */;
			compatibilityVersion = "Xcode 3.2";
			developmentRegion = English;
			hasScannedForEncodings = 0;
			knownRegions = (
				en,
				Base,
			);
			mainGroup = 557A83551E6793FD004314B4;
			productRefGroup = 557A835F1E6793FD004314B4 /* Products */;
			projectDirPath = "";
			projectRoot = "";
			targets = (
				557A835D1E6793FD004314B4 /* Decode */,
				557A83711E6793FE004314B4 /* DecodeTests */,
				557A837C1E6793FE004314B4 /* DecodeUITests */,
			);
		};
/* End PBXProject section */

/* Begin PBXResourcesBuildPhase section */
		557A835C1E6793FD004314B4 /* Resources */ = {
			isa = PBXResourcesBuildPhase;
			buildActionMask = 2147483647;
			files = (
				557A836C1E6793FD004314B4 /* LaunchScreen.storyboard in Resources */,
				557A83691E6793FD004314B4 /* Assets.xcassets in Resources */,
				557A83671E6793FD004314B4 /* Main.storyboard in Resources */,
			);
			runOnlyForDeploymentPostprocessing = 0;
		};
		557A83701E6793FE004314B4 /* Resources */ = {
			isa = PBXResourcesBuildPhase;
			buildActionMask = 2147483647;
			files = (
			);
			runOnlyForDeploymentPostprocessing = 0;
		};
		557A837B1E6793FE004314B4 /* Resources */ = {
			isa = PBXResourcesBuildPhase;
			buildActionMask = 2147483647;
			files = (
			);
			runOnlyForDeploymentPostprocessing = 0;
		};
/* End PBXResourcesBuildPhase section */

/* Begin PBXSourcesBuildPhase section */
		557A835A1E6793FD004314B4 /* Sources */ = {
			isa = PBXSourcesBuildPhase;
			buildActionMask = 2147483647;
			files = (
				50F749F71E8092A9001B10AE /* TextViewController.swift in Sources */,
				500D35CD1E809D2400D46BD1 /* ImageViewController.swift in Sources */,
				50F749F31E808F5E001B10AE /* LanguageCodes.swift in Sources */,
				50F749FD1E809B8D001B10AE /* LanguageClient.swift in Sources */,
				557A83641E6793FD004314B4 /* LandingViewController.swift in Sources */,
				557A83621E6793FD004314B4 /* AppDelegate.swift in Sources */,
				50F749F91E8092B1001B10AE /* SpeechViewController.swift in Sources */,
				500D35CB1E809CBC00D46BD1 /* LanguageClientSingleton.swift in Sources */,
				50F749F51E80921B001B10AE /* SettingsViewController.swift in Sources */,
			);
			runOnlyForDeploymentPostprocessing = 0;
		};
		557A836E1E6793FE004314B4 /* Sources */ = {
			isa = PBXSourcesBuildPhase;
			buildActionMask = 2147483647;
			files = (
				557A83771E6793FE004314B4 /* DecodeTests.swift in Sources */,
			);
			runOnlyForDeploymentPostprocessing = 0;
		};
		557A83791E6793FE004314B4 /* Sources */ = {
			isa = PBXSourcesBuildPhase;
			buildActionMask = 2147483647;
			files = (
				557A83821E6793FE004314B4 /* DecodeUITests.swift in Sources */,
			);
			runOnlyForDeploymentPostprocessing = 0;
		};
/* End PBXSourcesBuildPhase section */

/* Begin PBXTargetDependency section */
		557A83741E6793FE004314B4 /* PBXTargetDependency */ = {
			isa = PBXTargetDependency;
			target = 557A835D1E6793FD004314B4 /* Decode */;
			targetProxy = 557A83731E6793FE004314B4 /* PBXContainerItemProxy */;
		};
		557A837F1E6793FE004314B4 /* PBXTargetDependency */ = {
			isa = PBXTargetDependency;
			target = 557A835D1E6793FD004314B4 /* Decode */;
			targetProxy = 557A837E1E6793FE004314B4 /* PBXContainerItemProxy */;
		};
/* End PBXTargetDependency section */

/* Begin PBXVariantGroup section */
		557A83651E6793FD004314B4 /* Main.storyboard */ = {
			isa = PBXVariantGroup;
			children = (
				557A83661E6793FD004314B4 /* Base */,
			);
			name = Main.storyboard;
			sourceTree = "<group>";
		};
		557A836A1E6793FD004314B4 /* LaunchScreen.storyboard */ = {
			isa = PBXVariantGroup;
			children = (
				557A836B1E6793FD004314B4 /* Base */,
			);
			name = LaunchScreen.storyboard;
			sourceTree = "<group>";
		};
/* End PBXVariantGroup section */

/* Begin XCBuildConfiguration section */
		557A83841E6793FE004314B4 /* Debug */ = {
			isa = XCBuildConfiguration;
			buildSettings = {
				ALWAYS_SEARCH_USER_PATHS = NO;
				CLANG_ANALYZER_NONNULL = YES;
				CLANG_CXX_LANGUAGE_STANDARD = "gnu++0x";
				CLANG_CXX_LIBRARY = "libc++";
				CLANG_ENABLE_MODULES = YES;
				CLANG_ENABLE_OBJC_ARC = YES;
				CLANG_WARN_BOOL_CONVERSION = YES;
				CLANG_WARN_CONSTANT_CONVERSION = YES;
				CLANG_WARN_DIRECT_OBJC_ISA_USAGE = YES_ERROR;
				CLANG_WARN_DOCUMENTATION_COMMENTS = YES;
				CLANG_WARN_EMPTY_BODY = YES;
				CLANG_WARN_ENUM_CONVERSION = YES;
				CLANG_WARN_INFINITE_RECURSION = YES;
				CLANG_WARN_INT_CONVERSION = YES;
				CLANG_WARN_OBJC_ROOT_CLASS = YES_ERROR;
				CLANG_WARN_SUSPICIOUS_MOVE = YES;
				CLANG_WARN_UNREACHABLE_CODE = YES;
				CLANG_WARN__DUPLICATE_METHOD_MATCH = YES;
				"CODE_SIGN_IDENTITY[sdk=iphoneos*]" = "iPhone Developer";
				COPY_PHASE_STRIP = NO;
				DEBUG_INFORMATION_FORMAT = dwarf;
				ENABLE_STRICT_OBJC_MSGSEND = YES;
				ENABLE_TESTABILITY = YES;
				GCC_C_LANGUAGE_STANDARD = gnu99;
				GCC_DYNAMIC_NO_PIC = NO;
				GCC_NO_COMMON_BLOCKS = YES;
				GCC_OPTIMIZATION_LEVEL = 0;
				GCC_PREPROCESSOR_DEFINITIONS = (
					"DEBUG=1",
					"$(inherited)",
				);
				GCC_WARN_64_TO_32_BIT_CONVERSION = YES;
				GCC_WARN_ABOUT_RETURN_TYPE = YES_ERROR;
				GCC_WARN_UNDECLARED_SELECTOR = YES;
				GCC_WARN_UNINITIALIZED_AUTOS = YES_AGGRESSIVE;
				GCC_WARN_UNUSED_FUNCTION = YES;
				GCC_WARN_UNUSED_VARIABLE = YES;
				IPHONEOS_DEPLOYMENT_TARGET = 10.2;
				MTL_ENABLE_DEBUG_INFO = YES;
				ONLY_ACTIVE_ARCH = YES;
				SDKROOT = iphoneos;
				SWIFT_ACTIVE_COMPILATION_CONDITIONS = DEBUG;
				SWIFT_OPTIMIZATION_LEVEL = "-Onone";
			};
			name = Debug;
		};
		557A83851E6793FE004314B4 /* Release */ = {
			isa = XCBuildConfiguration;
			buildSettings = {
				ALWAYS_SEARCH_USER_PATHS = NO;
				CLANG_ANALYZER_NONNULL = YES;
				CLANG_CXX_LANGUAGE_STANDARD = "gnu++0x";
				CLANG_CXX_LIBRARY = "libc++";
				CLANG_ENABLE_MODULES = YES;
				CLANG_ENABLE_OBJC_ARC = YES;
				CLANG_WARN_BOOL_CONVERSION = YES;
				CLANG_WARN_CONSTANT_CONVERSION = YES;
				CLANG_WARN_DIRECT_OBJC_ISA_USAGE = YES_ERROR;
				CLANG_WARN_DOCUMENTATION_COMMENTS = YES;
				CLANG_WARN_EMPTY_BODY = YES;
				CLANG_WARN_ENUM_CONVERSION = YES;
				CLANG_WARN_INFINITE_RECURSION = YES;
				CLANG_WARN_INT_CONVERSION = YES;
				CLANG_WARN_OBJC_ROOT_CLASS = YES_ERROR;
				CLANG_WARN_SUSPICIOUS_MOVE = YES;
				CLANG_WARN_UNREACHABLE_CODE = YES;
				CLANG_WARN__DUPLICATE_METHOD_MATCH = YES;
				"CODE_SIGN_IDENTITY[sdk=iphoneos*]" = "iPhone Developer";
				COPY_PHASE_STRIP = NO;
				DEBUG_INFORMATION_FORMAT = "dwarf-with-dsym";
				ENABLE_NS_ASSERTIONS = NO;
				ENABLE_STRICT_OBJC_MSGSEND = YES;
				GCC_C_LANGUAGE_STANDARD = gnu99;
				GCC_NO_COMMON_BLOCKS = YES;
				GCC_WARN_64_TO_32_BIT_CONVERSION = YES;
				GCC_WARN_ABOUT_RETURN_TYPE = YES_ERROR;
				GCC_WARN_UNDECLARED_SELECTOR = YES;
				GCC_WARN_UNINITIALIZED_AUTOS = YES_AGGRESSIVE;
				GCC_WARN_UNUSED_FUNCTION = YES;
				GCC_WARN_UNUSED_VARIABLE = YES;
				IPHONEOS_DEPLOYMENT_TARGET = 10.2;
				MTL_ENABLE_DEBUG_INFO = NO;
				SDKROOT = iphoneos;
				SWIFT_OPTIMIZATION_LEVEL = "-Owholemodule";
				VALIDATE_PRODUCT = YES;
			};
			name = Release;
		};
		557A83871E6793FE004314B4 /* Debug */ = {
			isa = XCBuildConfiguration;
			buildSettings = {
				ASSETCATALOG_COMPILER_APPICON_NAME = AppIcon;
				INFOPLIST_FILE = Decode/Info.plist;
				LD_RUNPATH_SEARCH_PATHS = "$(inherited) @executable_path/Frameworks";
				PRODUCT_BUNDLE_IDENTIFIER = decodeApp.Decode;
				PRODUCT_NAME = "$(TARGET_NAME)";
				SWIFT_VERSION = 3.0;
			};
			name = Debug;
		};
		557A83881E6793FE004314B4 /* Release */ = {
			isa = XCBuildConfiguration;
			buildSettings = {
				ASSETCATALOG_COMPILER_APPICON_NAME = AppIcon;
				INFOPLIST_FILE = Decode/Info.plist;
				LD_RUNPATH_SEARCH_PATHS = "$(inherited) @executable_path/Frameworks";
				PRODUCT_BUNDLE_IDENTIFIER = decodeApp.Decode;
				PRODUCT_NAME = "$(TARGET_NAME)";
				SWIFT_VERSION = 3.0;
			};
			name = Release;
		};
		557A838A1E6793FE004314B4 /* Debug */ = {
			isa = XCBuildConfiguration;
			buildSettings = {
				ALWAYS_EMBED_SWIFT_STANDARD_LIBRARIES = YES;
				BUNDLE_LOADER = "$(TEST_HOST)";
				INFOPLIST_FILE = DecodeTests/Info.plist;
				LD_RUNPATH_SEARCH_PATHS = "$(inherited) @executable_path/Frameworks @loader_path/Frameworks";
				PRODUCT_BUNDLE_IDENTIFIER = decodeApp.DecodeTests;
				PRODUCT_NAME = "$(TARGET_NAME)";
				SWIFT_VERSION = 3.0;
				TEST_HOST = "$(BUILT_PRODUCTS_DIR)/Decode.app/Decode";
			};
			name = Debug;
		};
		557A838B1E6793FE004314B4 /* Release */ = {
			isa = XCBuildConfiguration;
			buildSettings = {
				ALWAYS_EMBED_SWIFT_STANDARD_LIBRARIES = YES;
				BUNDLE_LOADER = "$(TEST_HOST)";
				INFOPLIST_FILE = DecodeTests/Info.plist;
				LD_RUNPATH_SEARCH_PATHS = "$(inherited) @executable_path/Frameworks @loader_path/Frameworks";
				PRODUCT_BUNDLE_IDENTIFIER = decodeApp.DecodeTests;
				PRODUCT_NAME = "$(TARGET_NAME)";
				SWIFT_VERSION = 3.0;
				TEST_HOST = "$(BUILT_PRODUCTS_DIR)/Decode.app/Decode";
			};
			name = Release;
		};
		557A838D1E6793FE004314B4 /* Debug */ = {
			isa = XCBuildConfiguration;
			buildSettings = {
				ALWAYS_EMBED_SWIFT_STANDARD_LIBRARIES = YES;
				INFOPLIST_FILE = DecodeUITests/Info.plist;
				LD_RUNPATH_SEARCH_PATHS = "$(inherited) @executable_path/Frameworks @loader_path/Frameworks";
				PRODUCT_BUNDLE_IDENTIFIER = decodeApp.DecodeUITests;
				PRODUCT_NAME = "$(TARGET_NAME)";
				SWIFT_VERSION = 3.0;
				TEST_TARGET_NAME = Decode;
			};
			name = Debug;
		};
		557A838E1E6793FE004314B4 /* Release */ = {
			isa = XCBuildConfiguration;
			buildSettings = {
				ALWAYS_EMBED_SWIFT_STANDARD_LIBRARIES = YES;
				INFOPLIST_FILE = DecodeUITests/Info.plist;
				LD_RUNPATH_SEARCH_PATHS = "$(inherited) @executable_path/Frameworks @loader_path/Frameworks";
				PRODUCT_BUNDLE_IDENTIFIER = decodeApp.DecodeUITests;
				PRODUCT_NAME = "$(TARGET_NAME)";
				SWIFT_VERSION = 3.0;
				TEST_TARGET_NAME = Decode;
			};
			name = Release;
		};
/* End XCBuildConfiguration section */

/* Begin XCConfigurationList section */
		557A83591E6793FD004314B4 /* Build configuration list for PBXProject "Decode" */ = {
			isa = XCConfigurationList;
			buildConfigurations = (
				557A83841E6793FE004314B4 /* Debug */,
				557A83851E6793FE004314B4 /* Release */,
			);
			defaultConfigurationIsVisible = 0;
			defaultConfigurationName = Release;
		};
		557A83861E6793FE004314B4 /* Build configuration list for PBXNativeTarget "Decode" */ = {
			isa = XCConfigurationList;
			buildConfigurations = (
				557A83871E6793FE004314B4 /* Debug */,
				557A83881E6793FE004314B4 /* Release */,
			);
			defaultConfigurationIsVisible = 0;
			defaultConfigurationName = Release;
		};
		557A83891E6793FE004314B4 /* Build configuration list for PBXNativeTarget "DecodeTests" */ = {
			isa = XCConfigurationList;
			buildConfigurations = (
				557A838A1E6793FE004314B4 /* Debug */,
				557A838B1E6793FE004314B4 /* Release */,
			);
			defaultConfigurationIsVisible = 0;
			defaultConfigurationName = Release;
		};
		557A838C1E6793FE004314B4 /* Build configuration list for PBXNativeTarget "DecodeUITests" */ = {
			isa = XCConfigurationList;
			buildConfigurations = (
				557A838D1E6793FE004314B4 /* Debug */,
				557A838E1E6793FE004314B4 /* Release */,
			);
			defaultConfigurationIsVisible = 0;
			defaultConfigurationName = Release;
		};
/* End XCConfigurationList section */
	};
	rootObject = 557A83561E6793FD004314B4 /* Project object */;
}
